
Microsoft Visual Studio Solution File, Format Version 12.00
# Visual Studio Version 17
VisualStudioVersion = 17.11.35327.3
MinimumVisualStudioVersion = 10.0.40219.1
Project("{FAE04EC0-301F-11D3-BF4B-00C04F79EFBC}") = "Sanengr_Koo09", "Sanengr_Koo09.csproj", "{2A85F111-DFCF-408A-A6E7-D48D8B003CB9}"
EndProject
Global
	GlobalSection(SolutionConfigurationPlatforms) = preSolution
		Debug|Any CPU = Debug|Any CPU
		Release|Any CPU = Release|Any CPU
	EndGlobalSection
	GlobalSection(ProjectConfigurationPlatforms) = postSolution
		{2A85F111-DFCF-408A-A6E7-D48D8B003CB9}.Debug|Any CPU.ActiveCfg = Debug|Any CPU
		{2A85F111-DFCF-408A-A6E7-D48D8B003CB9}.Debug|Any CPU.Build.0 = Debug|Any CPU
		{2A85F111-DFCF-408A-A6E7-D48D8B003CB9}.Release|Any CPU.ActiveCfg = Release|Any CPU
		{2A85F111-DFCF-408A-A6E7-D48D8B003CB9}.Release|Any CPU.Build.0 = Release|Any CPU
	EndGlobalSection
	GlobalSection(SolutionProperties) = preSolution
		HideSolutionNode = FALSE
	EndGlobalSection
	GlobalSection(ExtensibilityGlobals) = postSolution
		SolutionGuid = {C745B579-1B17-4C3A-AAB2-56DFA0790202}
	EndGlobalSection
EndGlobal
