
Microsoft Visual Studio Solution File, Format Version 12.00
# Visual Studio Version 17
VisualStudioVersion = 17.11.35327.3
MinimumVisualStudioVersion = 10.0.40219.1
Project("{FAE04EC0-301F-11D3-BF4B-00C04F79EFBC}") = "Sanengr_Koo06", "Sanengr_Koo06\Sanengr_Koo06.csproj", "{18D85501-A86E-41FF-B45F-E15B1A3EEABB}"
EndProject
Global
	GlobalSection(SolutionConfigurationPlatforms) = preSolution
		Debug|Any CPU = Debug|Any CPU
		Release|Any CPU = Release|Any CPU
	EndGlobalSection
	GlobalSection(ProjectConfigurationPlatforms) = postSolution
		{18D85501-A86E-41FF-B45F-E15B1A3EEABB}.Debug|Any CPU.ActiveCfg = Debug|Any CPU
		{18D85501-A86E-41FF-B45F-E15B1A3EEABB}.Debug|Any CPU.Build.0 = Debug|Any CPU
		{18D85501-A86E-41FF-B45F-E15B1A3EEABB}.Release|Any CPU.ActiveCfg = Release|Any CPU
		{18D85501-A86E-41FF-B45F-E15B1A3EEABB}.Release|Any CPU.Build.0 = Release|Any CPU
	EndGlobalSection
	GlobalSection(SolutionProperties) = preSolution
		HideSolutionNode = FALSE
	EndGlobalSection
	GlobalSection(ExtensibilityGlobals) = postSolution
		SolutionGuid = {E5B20635-DC1A-470D-BB4C-BC681A7FC545}
	EndGlobalSection
EndGlobal
